{
  "version": 4,
  "terraform_version": "1.9.8",
  "serial": 15,
  "lineage": "935e61d1-952d-d87d-0f4c-2da397b47aa9",
  "outputs": {
    "fastapi_client_dns": {
      "value": "",
      "type": "string"
    },
    "fastapi_host_dns": {
      "value": "",
      "type": "string"
    },
    "fastapi_host_ip": {
      "value": "3.19.188.9",
      "type": "string"
    }
  },
  "resources": [
    {
      "module": "module.fastapi_server_client",
      "mode": "managed",
      "type": "aws_instance",
      "name": "fastapi-server-client",
      "provider": "module.fastapi_server_client.provider[\"registry.terraform.io/hashicorp/aws\"]",
      "instances": [
        {
          "schema_version": 1,
          "attributes": {
            "ami": "ami-00eb69d236edcfaf8",
            "arn": "arn:aws:ec2:us-east-2:225989367060:instance/i-04d5f716a03a8db6a",
            "associate_public_ip_address": false,
            "availability_zone": "us-east-2b",
            "capacity_reservation_specification": [
              {
                "capacity_reservation_preference": "open",
                "capacity_reservation_target": []
              }
            ],
            "cpu_core_count": 1,
            "cpu_options": [
              {
                "amd_sev_snp": "",
                "core_count": 1,
                "threads_per_core": 1
              }
            ],
            "cpu_threads_per_core": 1,
            "credit_specification": [
              {
                "cpu_credits": "standard"
              }
            ],
            "disable_api_stop": false,
            "disable_api_termination": false,
            "ebs_block_device": [],
            "ebs_optimized": false,
            "enclave_options": [
              {
                "enabled": false
              }
            ],
            "ephemeral_block_device": [],
            "get_password_data": false,
            "hibernation": false,
            "host_id": "",
            "host_resource_group_arn": null,
            "iam_instance_profile": "",
            "id": "i-04d5f716a03a8db6a",
            "instance_initiated_shutdown_behavior": "stop",
            "instance_lifecycle": "",
            "instance_market_options": [],
            "instance_state": "running",
            "instance_type": "t2.micro",
            "ipv6_address_count": 0,
            "ipv6_addresses": [],
            "key_name": "fastapi_server_client-ssh",
            "launch_template": [],
            "maintenance_options": [
              {
                "auto_recovery": "default"
              }
            ],
            "metadata_options": [
              {
                "http_endpoint": "enabled",
                "http_protocol_ipv6": "disabled",
                "http_put_response_hop_limit": 1,
                "http_tokens": "optional",
                "instance_metadata_tags": "disabled"
              }
            ],
            "monitoring": false,
            "network_interface": [],
            "outpost_arn": "",
            "password_data": "",
            "placement_group": "",
            "placement_partition_number": 0,
            "primary_network_interface_id": "eni-0f1e5a56a97218a4c",
            "private_dns": "ip-10-0-3-151.us-east-2.compute.internal",
            "private_dns_name_options": [
              {
                "enable_resource_name_dns_a_record": false,
                "enable_resource_name_dns_aaaa_record": false,
                "hostname_type": "ip-name"
              }
            ],
            "private_ip": "10.0.3.151",
            "public_dns": "",
            "public_ip": "",
            "root_block_device": [
              {
                "delete_on_termination": true,
                "device_name": "/dev/sda1",
                "encrypted": false,
                "iops": 100,
                "kms_key_id": "",
                "tags": {},
                "tags_all": {},
                "throughput": 0,
                "volume_id": "vol-0e70a8c453beb2ff9",
                "volume_size": 8,
                "volume_type": "gp2"
              }
            ],
            "secondary_private_ips": [],
            "security_groups": [],
            "source_dest_check": true,
            "spot_instance_request_id": "",
            "subnet_id": "subnet-0a2c30abea425cb37",
            "tags": {
              "Enviroment": "devOps",
              "Name": "fastapi_server_client",
              "Owner": "codafgamer@gmail.com",
              "Project": "Terraform test",
              "Team": "DevOps"
            },
            "tags_all": {
              "Enviroment": "devOps",
              "Name": "fastapi_server_client",
              "Owner": "codafgamer@gmail.com",
              "Project": "Terraform test",
              "Team": "DevOps"
            },
            "tenancy": "default",
            "timeouts": null,
            "user_data": null,
            "user_data_base64": null,
            "user_data_replace_on_change": false,
            "volume_tags": null,
            "vpc_security_group_ids": [
              "sg-0d02c7fd78842b307"
            ]
          },
          "sensitive_attributes": [],
          "private": "eyJlMmJmYjczMC1lY2FhLTExZTYtOGY4OC0zNDM2M2JjN2M0YzAiOnsiY3JlYXRlIjo2MDAwMDAwMDAwMDAsImRlbGV0ZSI6MTIwMDAwMDAwMDAwMCwicmVhZCI6OTAwMDAwMDAwMDAwLCJ1cGRhdGUiOjYwMDAwMDAwMDAwMH0sInNjaGVtYV92ZXJzaW9uIjoiMSJ9",
          "dependencies": [
            "module.fastapi_server_client.aws_key_pair.fastapi-server-client-ssh"
          ]
        }
      ]
    },
    {
      "module": "module.fastapi_server_client",
      "mode": "managed",
      "type": "aws_key_pair",
      "name": "fastapi-server-client-ssh",
      "provider": "module.fastapi_server_client.provider[\"registry.terraform.io/hashicorp/aws\"]",
      "instances": [
        {
          "schema_version": 1,
          "attributes": {
            "arn": "arn:aws:ec2:us-east-2:225989367060:key-pair/fastapi_server_client-ssh",
            "fingerprint": "4e:34:32:42:89:e2:a6:33:18:47:d3:f3:8e:2b:a4:e0",
            "id": "fastapi_server_client-ssh",
            "key_name": "fastapi_server_client-ssh",
            "key_name_prefix": "",
            "key_pair_id": "key-0fd08ace6c69f39cd",
            "key_type": "rsa",
            "public_key": "ssh-rsa AAAAB3NzaC1yc2EAAAADAQABAAABAQCuuTB47wTkTBV+LH5ppeHMeTBUNpvayJN/MTpg38nCeyyztRcvkL6BOhvyP+jChSZDv1+8mg+jSD2g380BWI5NHe51vFQjKVuMC1+/EhlxNLnMCdsdFTXvPp0D0YsN7gzS/mTPa7GNwe9g9dGZu3Rpq3QR18MM3HsGojUCcgHW9KPUwfN6dmeV7nA+TDBxlJ7R4IyKlTRrZDhEeDAANZU9MIL0NjNxRx0b+9kOJQY+OHdw/HIEzSlrZiTBJr7p1bHQZMOn1UhTmNEYmoBd9X6AEQ4S8EN7Puy6rFDNFELI5R6NK/aSM9gnwkFkzSFy5ITSKFi3wbI3faQBm5UXOWrp kuantik@DESKTOP-EFNQMU3",
            "tags": {
              "Enviroment": "devOps",
              "Name": "fastapi_server_client-ssh",
              "Owner": "codafgamer@gmail.com",
              "Project": "Terraform test",
              "Team": "DevOps"
            },
            "tags_all": {
              "Enviroment": "devOps",
              "Name": "fastapi_server_client-ssh",
              "Owner": "codafgamer@gmail.com",
              "Project": "Terraform test",
              "Team": "DevOps"
            }
          },
          "sensitive_attributes": [],
          "private": "eyJzY2hlbWFfdmVyc2lvbiI6IjEifQ=="
        }
      ]
    },
    {
      "module": "module.fastapi_server_host",
      "mode": "managed",
      "type": "aws_instance",
      "name": "fastapi-server-host",
      "provider": "module.fastapi_server_host.provider[\"registry.terraform.io/hashicorp/aws\"]",
      "instances": [
        {
          "schema_version": 1,
          "attributes": {
            "ami": "ami-00eb69d236edcfaf8",
            "arn": "arn:aws:ec2:us-east-2:225989367060:instance/i-08068eee4b028e7b4",
            "associate_public_ip_address": true,
            "availability_zone": "us-east-2b",
            "capacity_reservation_specification": [
              {
                "capacity_reservation_preference": "open",
                "capacity_reservation_target": []
              }
            ],
            "cpu_core_count": 1,
            "cpu_options": [
              {
                "amd_sev_snp": "",
                "core_count": 1,
                "threads_per_core": 1
              }
            ],
            "cpu_threads_per_core": 1,
            "credit_specification": [
              {
                "cpu_credits": "standard"
              }
            ],
            "disable_api_stop": false,
            "disable_api_termination": false,
            "ebs_block_device": [],
            "ebs_optimized": false,
            "enclave_options": [
              {
                "enabled": false
              }
            ],
            "ephemeral_block_device": [],
            "get_password_data": false,
            "hibernation": false,
            "host_id": "",
            "host_resource_group_arn": null,
            "iam_instance_profile": "",
            "id": "i-08068eee4b028e7b4",
            "instance_initiated_shutdown_behavior": "stop",
            "instance_lifecycle": "",
            "instance_market_options": [],
            "instance_state": "running",
            "instance_type": "t2.micro",
            "ipv6_address_count": 0,
            "ipv6_addresses": [],
            "key_name": "fastapi_server_host-ssh",
            "launch_template": [],
            "maintenance_options": [
              {
                "auto_recovery": "default"
              }
            ],
            "metadata_options": [
              {
                "http_endpoint": "enabled",
                "http_protocol_ipv6": "disabled",
                "http_put_response_hop_limit": 1,
                "http_tokens": "optional",
                "instance_metadata_tags": "disabled"
              }
            ],
            "monitoring": false,
            "network_interface": [],
            "outpost_arn": "",
            "password_data": "",
            "placement_group": "",
            "placement_partition_number": 0,
            "primary_network_interface_id": "eni-0228b3dab1c66e284",
            "private_dns": "ip-10-0-2-88.us-east-2.compute.internal",
            "private_dns_name_options": [
              {
                "enable_resource_name_dns_a_record": false,
                "enable_resource_name_dns_aaaa_record": false,
                "hostname_type": "ip-name"
              }
            ],
            "private_ip": "10.0.2.88",
            "public_dns": "",
            "public_ip": "3.19.188.9",
            "root_block_device": [
              {
                "delete_on_termination": true,
                "device_name": "/dev/sda1",
                "encrypted": false,
                "iops": 100,
                "kms_key_id": "",
                "tags": {},
                "tags_all": {},
                "throughput": 0,
                "volume_id": "vol-0bb7e7cbc41e873e1",
                "volume_size": 8,
                "volume_type": "gp2"
              }
            ],
            "secondary_private_ips": [],
            "security_groups": [],
            "source_dest_check": true,
            "spot_instance_request_id": "",
            "subnet_id": "subnet-05cdeaa81fa6741c2",
            "tags": {
              "Enviroment": "devOps",
              "Name": "fastapi_server_host",
              "Owner": "codafgamer@gmail.com",
              "Project": "Terraform test",
              "Team": "DevOps"
            },
            "tags_all": {
              "Enviroment": "devOps",
              "Name": "fastapi_server_host",
              "Owner": "codafgamer@gmail.com",
              "Project": "Terraform test",
              "Team": "DevOps"
            },
            "tenancy": "default",
            "timeouts": null,
            "user_data": "509748156b05bde6c5f3dfc3eaccd0e6af84c47c",
            "user_data_base64": null,
            "user_data_replace_on_change": false,
            "volume_tags": null,
            "vpc_security_group_ids": [
              "sg-0524ac082ab240c4b"
            ]
          },
          "sensitive_attributes": [],
          "private": "eyJlMmJmYjczMC1lY2FhLTExZTYtOGY4OC0zNDM2M2JjN2M0YzAiOnsiY3JlYXRlIjo2MDAwMDAwMDAwMDAsImRlbGV0ZSI6MTIwMDAwMDAwMDAwMCwicmVhZCI6OTAwMDAwMDAwMDAwLCJ1cGRhdGUiOjYwMDAwMDAwMDAwMH0sInNjaGVtYV92ZXJzaW9uIjoiMSJ9",
          "dependencies": [
            "module.fastapi_server_host.aws_key_pair.fastapi-server-host-ssh"
          ]
        }
      ]
    },
    {
      "module": "module.fastapi_server_host",
      "mode": "managed",
      "type": "aws_key_pair",
      "name": "fastapi-server-host-ssh",
      "provider": "module.fastapi_server_host.provider[\"registry.terraform.io/hashicorp/aws\"]",
      "instances": [
        {
          "schema_version": 1,
          "attributes": {
            "arn": "arn:aws:ec2:us-east-2:225989367060:key-pair/fastapi_server_host-ssh",
            "fingerprint": "fb:54:3d:1a:e9:9d:05:ed:b3:7d:ec:17:4e:33:ce:2a",
            "id": "fastapi_server_host-ssh",
            "key_name": "fastapi_server_host-ssh",
            "key_name_prefix": "",
            "key_pair_id": "key-039bbbd1577f98b52",
            "key_type": "rsa",
            "public_key": "ssh-rsa AAAAB3NzaC1yc2EAAAADAQABAAABAQDWFcUSkVA122WX1An7Xv52Zj0VXOarayAeIZwVpU4252agLhZmbz7OwPj6KYtubw5lp9wrAGP7lhfzS4I4Sm8C/VOuf84L5qtVHXwnUR8dzMiGJetk6xAJvbPQ2JClZd7T7A/4r5Slkm/Iow6AxRfgnk2WcyYN466ZWsX9L8v2/rPJtsR1bKjsOFKg8VMqvvwtNnJEYnI+jsiJdys01mNDssyrnswy9LRcODbOgLXttjqr3jVzXQ6Fe5fCaEeeSuktCGoXyIIRtk8gSf7W9mXePwXu6mwD63aee646wD7fHiE7MZL21cQe1VLhZLW4p11Sp/Lnb7/TGRtLMMq1DYtx kuantik@DESKTOP-EFNQMU3",
            "tags": {
              "Enviroment": "devOps",
              "Name": "fastapi_server_host-ssh",
              "Owner": "codafgamer@gmail.com",
              "Project": "Terraform test",
              "Team": "DevOps"
            },
            "tags_all": {
              "Enviroment": "devOps",
              "Name": "fastapi_server_host-ssh",
              "Owner": "codafgamer@gmail.com",
              "Project": "Terraform test",
              "Team": "DevOps"
            }
          },
          "sensitive_attributes": [],
          "private": "eyJzY2hlbWFfdmVyc2lvbiI6IjEifQ=="
        }
      ]
    }
  ],
  "check_results": null
}
